
Microsoft Visual Studio Solution File, Format Version 12.00
# Visual Studio Version 16
VisualStudioVersion = 16.0.30104.148
MinimumVisualStudioVersion = 10.0.40219.1
Project("{2150E333-8FDC-42A3-9474-1A3956D46DE8}") = "Tests", "Tests", "{DFB60EC7-699D-41FD-ABC2-4F843D29CEE5}"
EndProject
Project("{9A19103F-16F7-4668-BE54-9A1E7A4F7556}") = "CoviDoc.Tests", "CoviDoc.Tests\CoviDoc.Tests.csproj", "{C86C24B1-3AFF-4E27-810A-763DD49B2569}"
EndProject
Project("{9A19103F-16F7-4668-BE54-9A1E7A4F7556}") = "CoviDoc", "Covidoc\CoviDoc.csproj", "{9C109FB1-62DF-456E-9F84-A62051B23281}"
EndProject
Project("{9A19103F-16F7-4668-BE54-9A1E7A4F7556}") = "FileService", "DiskFileUtility\FileService.csproj", "{8C8F2E4E-C4B4-405F-B337-98E8D3B739B2}"
EndProject
Project("{9A19103F-16F7-4668-BE54-9A1E7A4F7556}") = "MessagingService", "MessagingService\MessagingService.csproj", "{235664D5-EC49-4384-8EE8-FD8F277178E9}"
EndProject
Global
	GlobalSection(SolutionConfigurationPlatforms) = preSolution
		Debug|Any CPU = Debug|Any CPU
		Release|Any CPU = Release|Any CPU
	EndGlobalSection
	GlobalSection(ProjectConfigurationPlatforms) = postSolution
		{C86C24B1-3AFF-4E27-810A-763DD49B2569}.Debug|Any CPU.ActiveCfg = Debug|Any CPU
		{C86C24B1-3AFF-4E27-810A-763DD49B2569}.Debug|Any CPU.Build.0 = Debug|Any CPU
		{C86C24B1-3AFF-4E27-810A-763DD49B2569}.Release|Any CPU.ActiveCfg = Release|Any CPU
		{C86C24B1-3AFF-4E27-810A-763DD49B2569}.Release|Any CPU.Build.0 = Release|Any CPU
		{9C109FB1-62DF-456E-9F84-A62051B23281}.Debug|Any CPU.ActiveCfg = Debug|Any CPU
		{9C109FB1-62DF-456E-9F84-A62051B23281}.Debug|Any CPU.Build.0 = Debug|Any CPU
		{9C109FB1-62DF-456E-9F84-A62051B23281}.Release|Any CPU.ActiveCfg = Release|Any CPU
		{9C109FB1-62DF-456E-9F84-A62051B23281}.Release|Any CPU.Build.0 = Release|Any CPU
		{8C8F2E4E-C4B4-405F-B337-98E8D3B739B2}.Debug|Any CPU.ActiveCfg = Debug|Any CPU
		{8C8F2E4E-C4B4-405F-B337-98E8D3B739B2}.Debug|Any CPU.Build.0 = Debug|Any CPU
		{8C8F2E4E-C4B4-405F-B337-98E8D3B739B2}.Release|Any CPU.ActiveCfg = Release|Any CPU
		{8C8F2E4E-C4B4-405F-B337-98E8D3B739B2}.Release|Any CPU.Build.0 = Release|Any CPU
		{235664D5-EC49-4384-8EE8-FD8F277178E9}.Debug|Any CPU.ActiveCfg = Debug|Any CPU
		{235664D5-EC49-4384-8EE8-FD8F277178E9}.Debug|Any CPU.Build.0 = Debug|Any CPU
		{235664D5-EC49-4384-8EE8-FD8F277178E9}.Release|Any CPU.ActiveCfg = Release|Any CPU
		{235664D5-EC49-4384-8EE8-FD8F277178E9}.Release|Any CPU.Build.0 = Release|Any CPU
	EndGlobalSection
	GlobalSection(SolutionProperties) = preSolution
		HideSolutionNode = FALSE
	EndGlobalSection
	GlobalSection(NestedProjects) = preSolution
		{C86C24B1-3AFF-4E27-810A-763DD49B2569} = {DFB60EC7-699D-41FD-ABC2-4F843D29CEE5}
	EndGlobalSection
	GlobalSection(ExtensibilityGlobals) = postSolution
		SolutionGuid = {87BD6FE0-BE45-4387-A39C-BFA25671651D}
	EndGlobalSection
EndGlobal
